
Microsoft Visual Studio Solution File, Format Version 12.00
# Visual Studio Version 16
VisualStudioVersion = 16.0.31911.196
MinimumVisualStudioVersion = 10.0.40219.1
Project("{FAE04EC0-301F-11D3-BF4B-00C04F79EFBC}") = "WordGameExtreeeeeeem", "WordGameExtreeeeeeem.csproj", "{ECA4D9E6-528A-4D01-A7CD-2646023D0680}"
EndProject
Global
	GlobalSection(SolutionConfigurationPlatforms) = preSolution
		Debug|Any CPU = Debug|Any CPU
		Release|Any CPU = Release|Any CPU
	EndGlobalSection
	GlobalSection(ProjectConfigurationPlatforms) = postSolution
		{ECA4D9E6-528A-4D01-A7CD-2646023D0680}.Debug|Any CPU.ActiveCfg = Debug|Any CPU
		{ECA4D9E6-528A-4D01-A7CD-2646023D0680}.Debug|Any CPU.Build.0 = Debug|Any CPU
		{ECA4D9E6-528A-4D01-A7CD-2646023D0680}.Release|Any CPU.ActiveCfg = Release|Any CPU
		{ECA4D9E6-528A-4D01-A7CD-2646023D0680}.Release|Any CPU.Build.0 = Release|Any CPU
	EndGlobalSection
	GlobalSection(SolutionProperties) = preSolution
		HideSolutionNode = FALSE
	EndGlobalSection
	GlobalSection(ExtensibilityGlobals) = postSolution
		SolutionGuid = {73599D81-38AC-47E7-BC39-CAC92CB27757}
	EndGlobalSection
EndGlobal
